// !$*UTF8*$!
{
	archiveVersion = 1;
	classes = {
	};
	objectVersion = 77;
	objects = {

/* Begin PBXBuildFile section */
		074F800F3045954F00FF709E /* AnchorPlatformMacOS in Frameworks */ = {isa = PBXBuildFile; productRef = A1D0000000000000000000A1 /* AnchorPlatformMacOS */; };
		074F80103045954F00FF709E /* AnchorPlatformAppleCloud in Frameworks */ = {isa = PBXBuildFile; productRef = A2D0000000000000000000A2 /* AnchorPlatformAppleCloud */; };
		074F80113045954F00FF709E /* AnchorStorage in Frameworks */ = {isa = PBXBuildFile; productRef = A3D0000000000000000000A3 /* AnchorStorage */; };
		65FCCC274994BE493B062D05 /* AnchorSharedUI in Frameworks */ = {isa = PBXBuildFile; productRef = F6D14A4AC4380AC9C222DC1F /* AnchorSharedUI */; };
		075F800F3045954F00FF7000 /* AnchorSearch in Frameworks */ = {isa = PBXBuildFile; productRef = A5D0000000000000000000A5 /* AnchorSearch */; };
		075F80103045954F00FF7001 /* AnchorKnowledge in Frameworks */ = {isa = PBXBuildFile; productRef = A6D0000000000000000000A6 /* AnchorKnowledge */; };
		075F80113045954F00FF7002 /* AnchorPersistence in Frameworks */ = {isa = PBXBuildFile; productRef = A7D0000000000000000000A7 /* AnchorPersistence */; };
/* End PBXBuildFile section */

/* Begin PBXFileReference section */
		4EEBBB1FE5543644A7F49D6C /* AnchorMac.app */ = {isa = PBXFileReference; explicitFileType = wrapper.application; includeInIndex = 0; path = AnchorMac.app; sourceTree = BUILT_PRODUCTS_DIR; };
/* End PBXFileReference section */

/* Begin PBXFileSystemSynchronizedRootGroup section */
		1F8D3D29BE3A06E20BF15766 /* AnchorMac */ = {
			isa = PBXFileSystemSynchronizedRootGroup;
			path = AnchorMac;
			sourceTree = "<group>";
		};
/* End PBXFileSystemSynchronizedRootGroup section */

/* Begin PBXFrameworksBuildPhase section */
		FDCB4BDB250BEC4A38144233 /* Frameworks */ = {
			isa = PBXFrameworksBuildPhase;
			buildActionMask = 2147483647;
			files = (
				074F80113045954F00FF709E /* AnchorStorage in Frameworks */,
				074F80103045954F00FF709E /* AnchorPlatformAppleCloud in Frameworks */,
				074F800F3045954F00FF709E /* AnchorPlatformMacOS in Frameworks */,
				65FCCC274994BE493B062D05 /* AnchorSharedUI in Frameworks */,
				075F800F3045954F00FF7000 /* AnchorSearch in Frameworks */,
				075F80103045954F00FF7001 /* AnchorKnowledge in Frameworks */,
				075F80113045954F00FF7002 /* AnchorPersistence in Frameworks */,
			);
			runOnlyForDeploymentPostprocessing = 0;
		};
/* End PBXFrameworksBuildPhase section */

/* Begin PBXGroup section */
		0C1453DE0237AB3065FD4CB1 /* Products */ = {
			isa = PBXGroup;
			children = (
				4EEBBB1FE5543644A7F49D6C /* AnchorMac.app */,
			);
			name = Products;
			sourceTree = "<group>";
		};
		6E3EB1F6C41F9994A8D32358 = {
			isa = PBXGroup;
			children = (
				1F8D3D29BE3A06E20BF15766 /* AnchorMac */,
				0C1453DE0237AB3065FD4CB1 /* Products */,
			);
			sourceTree = "<group>";
		};
/* End PBXGroup section */

/* Begin PBXNativeTarget section */
		C03A415FDA2AAD117FA48686 /* AnchorMac */ = {
			isa = PBXNativeTarget;
			buildConfigurationList = 27510C4AE975A1B7BE166AD3 /* Build configuration list for PBXNativeTarget "AnchorMac" */;
			buildPhases = (
				9B911746492F6BAF77BFBA79 /* Sources */,
				FDCB4BDB250BEC4A38144233 /* Frameworks */,
				5D0E629DA2B74231AADD31D5 /* Resources */,
			);
			buildRules = (
			);
			dependencies = (
			);
			fileSystemSynchronizedGroups = (
				1F8D3D29BE3A06E20BF15766 /* AnchorMac */,
			);
			name = AnchorMac;
			packageProductDependencies = (
				F6D14A4AC4380AC9C222DC1F /* AnchorSharedUI */,
				A1D0000000000000000000A1 /* AnchorPlatformMacOS */,
				A2D0000000000000000000A2 /* AnchorPlatformAppleCloud */,
				A3D0000000000000000000A3 /* AnchorStorage */,
				A5D0000000000000000000A5 /* AnchorSearch */,
				A6D0000000000000000000A6 /* AnchorKnowledge */,
				A7D0000000000000000000A7 /* AnchorPersistence */,
			);
			productName = AnchorMac;
			productReference = 4EEBBB1FE5543644A7F49D6C /* AnchorMac.app */;
			productType = "com.apple.product-type.application";
		};
/* End PBXNativeTarget section */

/* Begin PBXProject section */
		772232515AF78FB045C23CB9 /* Project object */ = {
			isa = PBXProject;
			attributes = {
				BuildIndependentTargetsInParallel = 1;
				LastSwiftUpdateCheck = 2660;
				LastUpgradeCheck = 2660;
				TargetAttributes = {
					C03A415FDA2AAD117FA48686 = {
						CreatedOnToolsVersion = 26.6;
					};
				};
			};
			buildConfigurationList = 549FF98C8F21A1E525236643 /* Build configuration list for PBXProject "AnchorMac" */;
			developmentRegion = en;
			hasScannedForEncodings = 0;
			knownRegions = (
				en,
				Base,
			);
			mainGroup = 6E3EB1F6C41F9994A8D32358;
			minimizedProjectReferenceProxies = 1;
			packageReferences = (
				455B8E31530B84BF6C9CB103 /* XCLocalSwiftPackageReference "../../Packages/AnchorSharedUI" */,
				B1D0000000000000000000B1 /* XCLocalSwiftPackageReference "../../Packages/AnchorPlatformMacOS" */,
				B2D0000000000000000000B2 /* XCLocalSwiftPackageReference "../../Packages/AnchorPlatformAppleCloud" */,
				B3D0000000000000000000B3 /* XCLocalSwiftPackageReference "../../Packages/AnchorStorage" */,
				B5D0000000000000000000B5 /* XCLocalSwiftPackageReference "../../Packages/AnchorSearch" */,
				B6D0000000000000000000B6 /* XCLocalSwiftPackageReference "../../Packages/AnchorKnowledge" */,
				B7D0000000000000000000B7 /* XCLocalSwiftPackageReference "../../Packages/AnchorPersistence" */,
			);
			preferredProjectObjectVersion = 77;
			productRefGroup = 0C1453DE0237AB3065FD4CB1 /* Products */;
			projectDirPath = "";
			projectRoot = "";
			targets = (
				C03A415FDA2AAD117FA48686 /* AnchorMac */,
			);
		};
/* End PBXProject section */

/* Begin PBXResourcesBuildPhase section */
		5D0E629DA2B74231AADD31D5 /* Resources */ = {
			isa = PBXResourcesBuildPhase;
			buildActionMask = 2147483647;
			files = (
			);
			runOnlyForDeploymentPostprocessing = 0;
		};
/* End PBXResourcesBuildPhase section */

/* Begin PBXSourcesBuildPhase section */
		9B911746492F6BAF77BFBA79 /* Sources */ = {
			isa = PBXSourcesBuildPhase;
			buildActionMask = 2147483647;
			files = (
			);
			runOnlyForDeploymentPostprocessing = 0;
		};
/* End PBXSourcesBuildPhase section */

/* Begin XCBuildConfiguration section */
		21CDA62BEECAB53F3781D59F /* Release */ = {
			isa = XCBuildConfiguration;
			buildSettings = {
				ASSETCATALOG_COMPILER_GLOBAL_ACCENT_COLOR_NAME = AccentColor;
				CODE_SIGN_ENTITLEMENTS = AnchorMac/AnchorMac.entitlements;
				CODE_SIGN_STYLE = Automatic;
				COMBINE_HIDPI_IMAGES = YES;
				CURRENT_PROJECT_VERSION = 1;
				DEVELOPMENT_TEAM = ZF76N8225L;
				ENABLE_HARDENED_RUNTIME = YES;
				ENABLE_PREVIEWS = YES;
				GENERATE_INFOPLIST_FILE = YES;
				INFOPLIST_KEY_LSUIElement = YES;
				MACOSX_DEPLOYMENT_TARGET = 26.0;
				MARKETING_VERSION = 0.1.0;
				PRODUCT_BUNDLE_IDENTIFIER = com.akira.anchor.mac;
				PRODUCT_NAME = "$(TARGET_NAME)";
				SDKROOT = macosx;
				SWIFT_EMIT_LOC_STRINGS = YES;
			};
			name = Release;
		};
		A9F2B40DD7491DE0834B722E /* Release */ = {
			isa = XCBuildConfiguration;
			buildSettings = {
				ALWAYS_SEARCH_USER_PATHS = NO;
				CLANG_ENABLE_MODULES = YES;
				CLANG_ENABLE_OBJC_ARC = YES;
				DEAD_CODE_STRIPPING = YES;
				DEBUG_INFORMATION_FORMAT = "dwarf-with-dsym";
				ENABLE_NS_ASSERTIONS = NO;
				ENABLE_STRICT_OBJC_MSGSEND = YES;
				ENABLE_USER_SCRIPT_SANDBOXING = YES;
				GCC_C_LANGUAGE_STANDARD = gnu17;
				GCC_NO_COMMON_BLOCKS = YES;
				LOCALIZATION_PREFERS_STRING_CATALOGS = YES;
				MACOSX_DEPLOYMENT_TARGET = 26.0;
				SWIFT_COMPILATION_MODE = wholemodule;
				SWIFT_STRICT_CONCURRENCY = complete;
				SWIFT_VERSION = 6.0;
				VALIDATE_PRODUCT = YES;
			};
			name = Release;
		};
		D6A8D45D88F3714952F98482 /* Debug */ = {
			isa = XCBuildConfiguration;
			buildSettings = {
				ASSETCATALOG_COMPILER_GLOBAL_ACCENT_COLOR_NAME = AccentColor;
				CODE_SIGN_ENTITLEMENTS = AnchorMac/AnchorMac.entitlements;
				CODE_SIGN_STYLE = Automatic;
				COMBINE_HIDPI_IMAGES = YES;
				CURRENT_PROJECT_VERSION = 1;
				DEVELOPMENT_TEAM = ZF76N8225L;
				ENABLE_HARDENED_RUNTIME = YES;
				ENABLE_PREVIEWS = YES;
				GENERATE_INFOPLIST_FILE = YES;
				INFOPLIST_KEY_LSUIElement = YES;
				MACOSX_DEPLOYMENT_TARGET = 26.0;
				MARKETING_VERSION = 0.1.0;
				PRODUCT_BUNDLE_IDENTIFIER = com.akira.anchor.mac;
				PRODUCT_NAME = "$(TARGET_NAME)";
				SDKROOT = macosx;
				SWIFT_EMIT_LOC_STRINGS = YES;
			};
			name = Debug;
		};
		FD0259B61859CCD1C2D038C9 /* Debug */ = {
			isa = XCBuildConfiguration;
			buildSettings = {
				ALWAYS_SEARCH_USER_PATHS = NO;
				CLANG_ENABLE_MODULES = YES;
				CLANG_ENABLE_OBJC_ARC = YES;
				DEAD_CODE_STRIPPING = YES;
				DEBUG_INFORMATION_FORMAT = dwarf;
				ENABLE_STRICT_OBJC_MSGSEND = YES;
				ENABLE_TESTABILITY = YES;
				ENABLE_USER_SCRIPT_SANDBOXING = YES;
				GCC_C_LANGUAGE_STANDARD = gnu17;
				GCC_NO_COMMON_BLOCKS = YES;
				GCC_OPTIMIZATION_LEVEL = 0;
				LOCALIZATION_PREFERS_STRING_CATALOGS = YES;
				MACOSX_DEPLOYMENT_TARGET = 26.0;
				ONLY_ACTIVE_ARCH = YES;
				SWIFT_ACTIVE_COMPILATION_CONDITIONS = "DEBUG $(inherited)";
				SWIFT_OPTIMIZATION_LEVEL = "-Onone";
				SWIFT_STRICT_CONCURRENCY = complete;
				SWIFT_VERSION = 6.0;
			};
			name = Debug;
		};
/* End XCBuildConfiguration section */

/* Begin XCConfigurationList section */
		27510C4AE975A1B7BE166AD3 /* Build configuration list for PBXNativeTarget "AnchorMac" */ = {
			isa = XCConfigurationList;
			buildConfigurations = (
				D6A8D45D88F3714952F98482 /* Debug */,
				21CDA62BEECAB53F3781D59F /* Release */,
			);
			defaultConfigurationIsVisible = 0;
			defaultConfigurationName = Release;
		};
		549FF98C8F21A1E525236643 /* Build configuration list for PBXProject "AnchorMac" */ = {
			isa = XCConfigurationList;
			buildConfigurations = (
				FD0259B61859CCD1C2D038C9 /* Debug */,
				A9F2B40DD7491DE0834B722E /* Release */,
			);
			defaultConfigurationIsVisible = 0;
			defaultConfigurationName = Release;
		};
/* End XCConfigurationList section */

/* Begin XCLocalSwiftPackageReference section */
		455B8E31530B84BF6C9CB103 /* XCLocalSwiftPackageReference "../../Packages/AnchorSharedUI" */ = {
			isa = XCLocalSwiftPackageReference;
			relativePath = ../../Packages/AnchorSharedUI;
		};
		B1D0000000000000000000B1 /* XCLocalSwiftPackageReference "../../Packages/AnchorPlatformMacOS" */ = {
			isa = XCLocalSwiftPackageReference;
			relativePath = ../../Packages/AnchorPlatformMacOS;
		};
		B2D0000000000000000000B2 /* XCLocalSwiftPackageReference "../../Packages/AnchorPlatformAppleCloud" */ = {
			isa = XCLocalSwiftPackageReference;
			relativePath = ../../Packages/AnchorPlatformAppleCloud;
		};
		B3D0000000000000000000B3 /* XCLocalSwiftPackageReference "../../Packages/AnchorStorage" */ = {
			isa = XCLocalSwiftPackageReference;
			relativePath = ../../Packages/AnchorStorage;
		};
		B5D0000000000000000000B5 /* XCLocalSwiftPackageReference "../../Packages/AnchorSearch" */ = {
			isa = XCLocalSwiftPackageReference;
			relativePath = ../../Packages/AnchorSearch;
		};
		B6D0000000000000000000B6 /* XCLocalSwiftPackageReference "../../Packages/AnchorKnowledge" */ = {
			isa = XCLocalSwiftPackageReference;
			relativePath = ../../Packages/AnchorKnowledge;
		};
		B7D0000000000000000000B7 /* XCLocalSwiftPackageReference "../../Packages/AnchorPersistence" */ = {
			isa = XCLocalSwiftPackageReference;
			relativePath = ../../Packages/AnchorPersistence;
		};
/* End XCLocalSwiftPackageReference section */

/* Begin XCSwiftPackageProductDependency section */
		A1D0000000000000000000A1 /* AnchorPlatformMacOS */ = {
			isa = XCSwiftPackageProductDependency;
			productName = AnchorPlatformMacOS;
		};
		A2D0000000000000000000A2 /* AnchorPlatformAppleCloud */ = {
			isa = XCSwiftPackageProductDependency;
			productName = AnchorPlatformAppleCloud;
		};
		A3D0000000000000000000A3 /* AnchorStorage */ = {
			isa = XCSwiftPackageProductDependency;
			productName = AnchorStorage;
		};
		F6D14A4AC4380AC9C222DC1F /* AnchorSharedUI */ = {
			isa = XCSwiftPackageProductDependency;
			productName = AnchorSharedUI;
		};
		A5D0000000000000000000A5 /* AnchorSearch */ = {
			isa = XCSwiftPackageProductDependency;
			productName = AnchorSearch;
		};
		A6D0000000000000000000A6 /* AnchorKnowledge */ = {
			isa = XCSwiftPackageProductDependency;
			productName = AnchorKnowledge;
		};
		A7D0000000000000000000A7 /* AnchorPersistence */ = {
			isa = XCSwiftPackageProductDependency;
			productName = AnchorPersistence;
		};
/* End XCSwiftPackageProductDependency section */
	};
	rootObject = 772232515AF78FB045C23CB9 /* Project object */;
}
